// !$*UTF8*$!
{
	archiveVersion = 1;
	classes = {
	};
	objectVersion = 46;
	objects = {

/* Begin PBXBuildFile section */
		2B6D02FD19DB720D000C1A07 /* AppDelegate.swift in Sources */ = {isa = PBXBuildFile; fileRef = 2B6D02FC19DB720D000C1A07 /* AppDelegate.swift */; };
		2B6D02FF19DB720D000C1A07 /* ViewController.swift in Sources */ = {isa = PBXBuildFile; fileRef = 2B6D02FE19DB720D000C1A07 /* ViewController.swift */; };
		2B6D030219DB720D000C1A07 /* Main.storyboard in Resources */ = {isa = PBXBuildFile; fileRef = 2B6D030019DB720D000C1A07 /* Main.storyboard */; };
		2B6D030419DB720D000C1A07 /* Images.xcassets in Resources */ = {isa = PBXBuildFile; fileRef = 2B6D030319DB720D000C1A07 /* Images.xcassets */; };
		2B6D030719DB720D000C1A07 /* LaunchScreen.xib in Resources */ = {isa = PBXBuildFile; fileRef = 2B6D030519DB720D000C1A07 /* LaunchScreen.xib */; };
		2B6D031319DB720D000C1A07 /* swift_badgeTests.swift in Sources */ = {isa = PBXBuildFile; fileRef = 2B6D031219DB720D000C1A07 /* swift_badgeTests.swift */; };
		2B6D031D19DB7221000C1A07 /* Default-568h@2x.png in Resources */ = {isa = PBXBuildFile; fileRef = 2B6D031C19DB7221000C1A07 /* Default-568h@2x.png */; };
		2B6D031F19DB725C000C1A07 /* SwiftBadge.swift in Sources */ = {isa = PBXBuildFile; fileRef = 2B6D031E19DB725C000C1A07 /* SwiftBadge.swift */; };
/* End PBXBuildFile section */

/* Begin PBXContainerItemProxy section */
		2B6D030D19DB720D000C1A07 /* PBXContainerItemProxy */ = {
			isa = PBXContainerItemProxy;
			containerPortal = 2B6D02EF19DB720D000C1A07 /* Project object */;
			proxyType = 1;
			remoteGlobalIDString = 2B6D02F619DB720D000C1A07;
			remoteInfo = "swift-badge";
		};
/* End PBXContainerItemProxy section */

/* Begin PBXFileReference section */
		2B6D02F719DB720D000C1A07 /* swift-badge.app */ = {isa = PBXFileReference; explicitFileType = wrapper.application; includeInIndex = 0; path = "swift-badge.app"; sourceTree = BUILT_PRODUCTS_DIR; };
		2B6D02FB19DB720D000C1A07 /* Info.plist */ = {isa = PBXFileReference; lastKnownFileType = text.plist.xml; path = Info.plist; sourceTree = "<group>"; };
		2B6D02FC19DB720D000C1A07 /* AppDelegate.swift */ = {isa = PBXFileReference; lastKnownFileType = sourcecode.swift; path = AppDelegate.swift; sourceTree = "<group>"; };
		2B6D02FE19DB720D000C1A07 /* ViewController.swift */ = {isa = PBXFileReference; lastKnownFileType = sourcecode.swift; path = ViewController.swift; sourceTree = "<group>"; };
		2B6D030119DB720D000C1A07 /* Base */ = {isa = PBXFileReference; lastKnownFileType = file.storyboard; name = Base; path = Base.lproj/Main.storyboard; sourceTree = "<group>"; };
		2B6D030319DB720D000C1A07 /* Images.xcassets */ = {isa = PBXFileReference; lastKnownFileType = folder.assetcatalog; path = Images.xcassets; sourceTree = "<group>"; };
		2B6D030619DB720D000C1A07 /* Base */ = {isa = PBXFileReference; lastKnownFileType = file.xib; name = Base; path = Base.lproj/LaunchScreen.xib; sourceTree = "<group>"; };
		2B6D030C19DB720D000C1A07 /* swift-badgeTests.xctest */ = {isa = PBXFileReference; explicitFileType = wrapper.cfbundle; includeInIndex = 0; path = "swift-badgeTests.xctest"; sourceTree = BUILT_PRODUCTS_DIR; };
		2B6D031119DB720D000C1A07 /* Info.plist */ = {isa = PBXFileReference; lastKnownFileType = text.plist.xml; path = Info.plist; sourceTree = "<group>"; };
		2B6D031219DB720D000C1A07 /* swift_badgeTests.swift */ = {isa = PBXFileReference; lastKnownFileType = sourcecode.swift; path = swift_badgeTests.swift; sourceTree = "<group>"; };
		2B6D031C19DB7221000C1A07 /* Default-568h@2x.png */ = {isa = PBXFileReference; lastKnownFileType = image.png; path = "Default-568h@2x.png"; sourceTree = "<group>"; };
		2B6D031E19DB725C000C1A07 /* SwiftBadge.swift */ = {isa = PBXFileReference; fileEncoding = 4; lastKnownFileType = sourcecode.swift; path = SwiftBadge.swift; sourceTree = "<group>"; };
/* End PBXFileReference section */

/* Begin PBXFrameworksBuildPhase section */
		2B6D02F419DB720D000C1A07 /* Frameworks */ = {
			isa = PBXFrameworksBuildPhase;
			buildActionMask = 2147483647;
			files = (
			);
			runOnlyForDeploymentPostprocessing = 0;
		};
		2B6D030919DB720D000C1A07 /* Frameworks */ = {
			isa = PBXFrameworksBuildPhase;
			buildActionMask = 2147483647;
			files = (
			);
			runOnlyForDeploymentPostprocessing = 0;
		};
/* End PBXFrameworksBuildPhase section */

/* Begin PBXGroup section */
		2B6D02EE19DB720D000C1A07 = {
			isa = PBXGroup;
			children = (
				2B6D031C19DB7221000C1A07 /* Default-568h@2x.png */,
				2B6D02F919DB720D000C1A07 /* swift-badge */,
				2B6D030F19DB720D000C1A07 /* swift-badgeTests */,
				2B6D02F819DB720D000C1A07 /* Products */,
			);
			sourceTree = "<group>";
		};
		2B6D02F819DB720D000C1A07 /* Products */ = {
			isa = PBXGroup;
			children = (
				2B6D02F719DB720D000C1A07 /* swift-badge.app */,
				2B6D030C19DB720D000C1A07 /* swift-badgeTests.xctest */,
			);
			name = Products;
			sourceTree = "<group>";
		};
		2B6D02F919DB720D000C1A07 /* swift-badge */ = {
			isa = PBXGroup;
			children = (
				2B6D031E19DB725C000C1A07 /* SwiftBadge.swift */,
				2B6D02FC19DB720D000C1A07 /* AppDelegate.swift */,
				2B6D02FE19DB720D000C1A07 /* ViewController.swift */,
				2B6D030019DB720D000C1A07 /* Main.storyboard */,
				2B6D030319DB720D000C1A07 /* Images.xcassets */,
				2B6D030519DB720D000C1A07 /* LaunchScreen.xib */,
				2B6D02FA19DB720D000C1A07 /* Supporting Files */,
			);
			path = "swift-badge";
			sourceTree = "<group>";
		};
		2B6D02FA19DB720D000C1A07 /* Supporting Files */ = {
			isa = PBXGroup;
			children = (
				2B6D02FB19DB720D000C1A07 /* Info.plist */,
			);
			name = "Supporting Files";
			sourceTree = "<group>";
		};
		2B6D030F19DB720D000C1A07 /* swift-badgeTests */ = {
			isa = PBXGroup;
			children = (
				2B6D031219DB720D000C1A07 /* swift_badgeTests.swift */,
				2B6D031019DB720D000C1A07 /* Supporting Files */,
			);
			path = "swift-badgeTests";
			sourceTree = "<group>";
		};
		2B6D031019DB720D000C1A07 /* Supporting Files */ = {
			isa = PBXGroup;
			children = (
				2B6D031119DB720D000C1A07 /* Info.plist */,
			);
			name = "Supporting Files";
			sourceTree = "<group>";
		};
/* End PBXGroup section */

/* Begin PBXNativeTarget section */
		2B6D02F619DB720D000C1A07 /* swift-badge */ = {
			isa = PBXNativeTarget;
			buildConfigurationList = 2B6D031619DB720D000C1A07 /* Build configuration list for PBXNativeTarget "swift-badge" */;
			buildPhases = (
				2B6D02F319DB720D000C1A07 /* Sources */,
				2B6D02F419DB720D000C1A07 /* Frameworks */,
				2B6D02F519DB720D000C1A07 /* Resources */,
			);
			buildRules = (
			);
			dependencies = (
			);
			name = "swift-badge";
			productName = "swift-badge";
			productReference = 2B6D02F719DB720D000C1A07 /* swift-badge.app */;
			productType = "com.apple.product-type.application";
		};
		2B6D030B19DB720D000C1A07 /* swift-badgeTests */ = {
			isa = PBXNativeTarget;
			buildConfigurationList = 2B6D031919DB720D000C1A07 /* Build configuration list for PBXNativeTarget "swift-badgeTests" */;
			buildPhases = (
				2B6D030819DB720D000C1A07 /* Sources */,
				2B6D030919DB720D000C1A07 /* Frameworks */,
				2B6D030A19DB720D000C1A07 /* Resources */,
			);
			buildRules = (
			);
			dependencies = (
				2B6D030E19DB720D000C1A07 /* PBXTargetDependency */,
			);
			name = "swift-badgeTests";
			productName = "swift-badgeTests";
			productReference = 2B6D030C19DB720D000C1A07 /* swift-badgeTests.xctest */;
			productType = "com.apple.product-type.bundle.unit-test";
		};
/* End PBXNativeTarget section */

/* Begin PBXProject section */
		2B6D02EF19DB720D000C1A07 /* Project object */ = {
			isa = PBXProject;
			attributes = {
				LastUpgradeCheck = 0600;
				ORGANIZATIONNAME = "The Exchange Group Pty Ltd";
				TargetAttributes = {
					2B6D02F619DB720D000C1A07 = {
						CreatedOnToolsVersion = 6.0;
					};
					2B6D030B19DB720D000C1A07 = {
						CreatedOnToolsVersion = 6.0;
						TestTargetID = 2B6D02F619DB720D000C1A07;
					};
				};
			};
			buildConfigurationList = 2B6D02F219DB720D000C1A07 /* Build configuration list for PBXProject "swift-badge" */;
			compatibilityVersion = "Xcode 3.2";
			developmentRegion = English;
			hasScannedForEncodings = 0;
			knownRegions = (
				en,
				Base,
			);
			mainGroup = 2B6D02EE19DB720D000C1A07;
			productRefGroup = 2B6D02F819DB720D000C1A07 /* Products */;
			projectDirPath = "";
			projectRoot = "";
			targets = (
				2B6D02F619DB720D000C1A07 /* swift-badge */,
				2B6D030B19DB720D000C1A07 /* swift-badgeTests */,
			);
		};
/* End PBXProject section */

/* Begin PBXResourcesBuildPhase section */
		2B6D02F519DB720D000C1A07 /* Resources */ = {
			isa = PBXResourcesBuildPhase;
			buildActionMask = 2147483647;
			files = (
				2B6D030219DB720D000C1A07 /* Main.storyboard in Resources */,
				2B6D031D19DB7221000C1A07 /* Default-568h@2x.png in Resources */,
				2B6D030719DB720D000C1A07 /* LaunchScreen.xib in Resources */,
				2B6D030419DB720D000C1A07 /* Images.xcassets in Resources */,
			);
			runOnlyForDeploymentPostprocessing = 0;
		};
		2B6D030A19DB720D000C1A07 /* Resources */ = {
			isa = PBXResourcesBuildPhase;
			buildActionMask = 2147483647;
			files = (
			);
			runOnlyForDeploymentPostprocessing = 0;
		};
/* End PBXResourcesBuildPhase section */

/* Begin PBXSourcesBuildPhase section */
		2B6D02F319DB720D000C1A07 /* Sources */ = {
			isa = PBXSourcesBuildPhase;
			buildActionMask = 2147483647;
			files = (
				2B6D02FF19DB720D000C1A07 /* ViewController.swift in Sources */,
				2B6D02FD19DB720D000C1A07 /* AppDelegate.swift in Sources */,
				2B6D031F19DB725C000C1A07 /* SwiftBadge.swift in Sources */,
			);
			runOnlyForDeploymentPostprocessing = 0;
		};
		2B6D030819DB720D000C1A07 /* Sources */ = {
			isa = PBXSourcesBuildPhase;
			buildActionMask = 2147483647;
			files = (
				2B6D031319DB720D000C1A07 /* swift_badgeTests.swift in Sources */,
			);
			runOnlyForDeploymentPostprocessing = 0;
		};
/* End PBXSourcesBuildPhase section */

/* Begin PBXTargetDependency section */
		2B6D030E19DB720D000C1A07 /* PBXTargetDependency */ = {
			isa = PBXTargetDependency;
			target = 2B6D02F619DB720D000C1A07 /* swift-badge */;
			targetProxy = 2B6D030D19DB720D000C1A07 /* PBXContainerItemProxy */;
		};
/* End PBXTargetDependency section */

/* Begin PBXVariantGroup section */
		2B6D030019DB720D000C1A07 /* Main.storyboard */ = {
			isa = PBXVariantGroup;
			children = (
				2B6D030119DB720D000C1A07 /* Base */,
			);
			name = Main.storyboard;
			sourceTree = "<group>";
		};
		2B6D030519DB720D000C1A07 /* LaunchScreen.xib */ = {
			isa = PBXVariantGroup;
			children = (
				2B6D030619DB720D000C1A07 /* Base */,
			);
			name = LaunchScreen.xib;
			sourceTree = "<group>";
		};
/* End PBXVariantGroup section */

/* Begin XCBuildConfiguration section */
		2B6D031419DB720D000C1A07 /* Debug */ = {
			isa = XCBuildConfiguration;
			buildSettings = {
				ALWAYS_SEARCH_USER_PATHS = NO;
				CLANG_CXX_LANGUAGE_STANDARD = "gnu++0x";
				CLANG_CXX_LIBRARY = "libc++";
				CLANG_ENABLE_MODULES = YES;
				CLANG_ENABLE_OBJC_ARC = YES;
				CLANG_WARN_BOOL_CONVERSION = YES;
				CLANG_WARN_CONSTANT_CONVERSION = YES;
				CLANG_WARN_DIRECT_OBJC_ISA_USAGE = YES_ERROR;
				CLANG_WARN_EMPTY_BODY = YES;
				CLANG_WARN_ENUM_CONVERSION = YES;
				CLANG_WARN_INT_CONVERSION = YES;
				CLANG_WARN_OBJC_ROOT_CLASS = YES_ERROR;
				CLANG_WARN_UNREACHABLE_CODE = YES;
				CLANG_WARN__DUPLICATE_METHOD_MATCH = YES;
				"CODE_SIGN_IDENTITY[sdk=iphoneos*]" = "iPhone Developer";
				COPY_PHASE_STRIP = NO;
				ENABLE_STRICT_OBJC_MSGSEND = YES;
				GCC_C_LANGUAGE_STANDARD = gnu99;
				GCC_DYNAMIC_NO_PIC = NO;
				GCC_OPTIMIZATION_LEVEL = 0;
				GCC_PREPROCESSOR_DEFINITIONS = (
					"DEBUG=1",
					"$(inherited)",
				);
				GCC_SYMBOLS_PRIVATE_EXTERN = NO;
				GCC_WARN_64_TO_32_BIT_CONVERSION = YES;
				GCC_WARN_ABOUT_RETURN_TYPE = YES_ERROR;
				GCC_WARN_UNDECLARED_SELECTOR = YES;
				GCC_WARN_UNINITIALIZED_AUTOS = YES_AGGRESSIVE;
				GCC_WARN_UNUSED_FUNCTION = YES;
				GCC_WARN_UNUSED_VARIABLE = YES;
				IPHONEOS_DEPLOYMENT_TARGET = 7.0;
				MTL_ENABLE_DEBUG_INFO = YES;
				ONLY_ACTIVE_ARCH = YES;
				SDKROOT = iphoneos;
				SWIFT_OPTIMIZATION_LEVEL = "-Onone";
				TARGETED_DEVICE_FAMILY = "1,2";
			};
			name = Debug;
		};
		2B6D031519DB720D000C1A07 /* Release */ = {
			isa = XCBuildConfiguration;
			buildSettings = {
				ALWAYS_SEARCH_USER_PATHS = NO;
				CLANG_CXX_LANGUAGE_STANDARD = "gnu++0x";
				CLANG_CXX_LIBRARY = "libc++";
				CLANG_ENABLE_MODULES = YES;
				CLANG_ENABLE_OBJC_ARC = YES;
				CLANG_WARN_BOOL_CONVERSION = YES;
				CLANG_WARN_CONSTANT_CONVERSION = YES;
				CLANG_WARN_DIRECT_OBJC_ISA_USAGE = YES_ERROR;
				CLANG_WARN_EMPTY_BODY = YES;
				CLANG_WARN_ENUM_CONVERSION = YES;
				CLANG_WARN_INT_CONVERSION = YES;
				CLANG_WARN_OBJC_ROOT_CLASS = YES_ERROR;
				CLANG_WARN_UNREACHABLE_CODE = YES;
				CLANG_WARN__DUPLICATE_METHOD_MATCH = YES;
				"CODE_SIGN_IDENTITY[sdk=iphoneos*]" = "iPhone Developer";
				COPY_PHASE_STRIP = YES;
				ENABLE_NS_ASSERTIONS = NO;
				ENABLE_STRICT_OBJC_MSGSEND = YES;
				GCC_C_LANGUAGE_STANDARD = gnu99;
				GCC_WARN_64_TO_32_BIT_CONVERSION = YES;
				GCC_WARN_ABOUT_RETURN_TYPE = YES_ERROR;
				GCC_WARN_UNDECLARED_SELECTOR = YES;
				GCC_WARN_UNINITIALIZED_AUTOS = YES_AGGRESSIVE;
				GCC_WARN_UNUSED_FUNCTION = YES;
				GCC_WARN_UNUSED_VARIABLE = YES;
				IPHONEOS_DEPLOYMENT_TARGET = 7.0;
				MTL_ENABLE_DEBUG_INFO = NO;
				SDKROOT = iphoneos;
				TARGETED_DEVICE_FAMILY = "1,2";
				VALIDATE_PRODUCT = YES;
			};
			name = Release;
		};
		2B6D031719DB720D000C1A07 /* Debug */ = {
			isa = XCBuildConfiguration;
			buildSettings = {
				ASSETCATALOG_COMPILER_APPICON_NAME = AppIcon;
				INFOPLIST_FILE = "swift-badge/Info.plist";
				LD_RUNPATH_SEARCH_PATHS = "$(inherited) @executable_path/Frameworks";
				PRODUCT_NAME = "$(TARGET_NAME)";
			};
			name = Debug;
		};
		2B6D031819DB720D000C1A07 /* Release */ = {
			isa = XCBuildConfiguration;
			buildSettings = {
				ASSETCATALOG_COMPILER_APPICON_NAME = AppIcon;
				INFOPLIST_FILE = "swift-badge/Info.plist";
				LD_RUNPATH_SEARCH_PATHS = "$(inherited) @executable_path/Frameworks";
				PRODUCT_NAME = "$(TARGET_NAME)";
			};
			name = Release;
		};
		2B6D031A19DB720D000C1A07 /* Debug */ = {
			isa = XCBuildConfiguration;
			buildSettings = {
				BUNDLE_LOADER = "$(TEST_HOST)";
				FRAMEWORK_SEARCH_PATHS = (
					"$(SDKROOT)/Developer/Library/Frameworks",
					"$(inherited)",
				);
				GCC_PREPROCESSOR_DEFINITIONS = (
					"DEBUG=1",
					"$(inherited)",
				);
				INFOPLIST_FILE = "swift-badgeTests/Info.plist";
				LD_RUNPATH_SEARCH_PATHS = "$(inherited) @executable_path/Frameworks @loader_path/Frameworks";
				PRODUCT_NAME = "$(TARGET_NAME)";
				TEST_HOST = "$(BUILT_PRODUCTS_DIR)/swift-badge.app/swift-badge";
			};
			name = Debug;
		};
		2B6D031B19DB720D000C1A07 /* Release */ = {
			isa = XCBuildConfiguration;
			buildSettings = {
				BUNDLE_LOADER = "$(TEST_HOST)";
				FRAMEWORK_SEARCH_PATHS = (
					"$(SDKROOT)/Developer/Library/Frameworks",
					"$(inherited)",
				);
				INFOPLIST_FILE = "swift-badgeTests/Info.plist";
				LD_RUNPATH_SEARCH_PATHS = "$(inherited) @executable_path/Frameworks @loader_path/Frameworks";
				PRODUCT_NAME = "$(TARGET_NAME)";
				TEST_HOST = "$(BUILT_PRODUCTS_DIR)/swift-badge.app/swift-badge";
			};
			name = Release;
		};
/* End XCBuildConfiguration section */

/* Begin XCConfigurationList section */
		2B6D02F219DB720D000C1A07 /* Build configuration list for PBXProject "swift-badge" */ = {
			isa = XCConfigurationList;
			buildConfigurations = (
				2B6D031419DB720D000C1A07 /* Debug */,
				2B6D031519DB720D000C1A07 /* Release */,
			);
			defaultConfigurationIsVisible = 0;
			defaultConfigurationName = Release;
		};
		2B6D031619DB720D000C1A07 /* Build configuration list for PBXNativeTarget "swift-badge" */ = {
			isa = XCConfigurationList;
			buildConfigurations = (
				2B6D031719DB720D000C1A07 /* Debug */,
				2B6D031819DB720D000C1A07 /* Release */,
			);
			defaultConfigurationIsVisible = 0;
		};
		2B6D031919DB720D000C1A07 /* Build configuration list for PBXNativeTarget "swift-badgeTests" */ = {
			isa = XCConfigurationList;
			buildConfigurations = (
				2B6D031A19DB720D000C1A07 /* Debug */,
				2B6D031B19DB720D000C1A07 /* Release */,
			);
			defaultConfigurationIsVisible = 0;
		};
/* End XCConfigurationList section */
	};
	rootObject = 2B6D02EF19DB720D000C1A07 /* Project object */;
}
